
Microsoft Visual Studio Solution File, Format Version 12.00
# Visual Studio Version 17
VisualStudioVersion = 17.14.36221.1 d17.14
MinimumVisualStudioVersion = 10.0.40219.1
Project("{FAE04EC0-301F-11D3-BF4B-00C04F79EFBC}") = "Task & Time Tracker App", "Task & Time Tracker App.csproj", "{C6D1DB99-42ED-46CE-8649-E6CD2854040E}"
EndProject
Global
	GlobalSection(SolutionConfigurationPlatforms) = preSolution
		Debug|Any CPU = Debug|Any CPU
		Release|Any CPU = Release|Any CPU
	EndGlobalSection
	GlobalSection(ProjectConfigurationPlatforms) = postSolution
		{C6D1DB99-42ED-46CE-8649-E6CD2854040E}.Debug|Any CPU.ActiveCfg = Debug|Any CPU
		{C6D1DB99-42ED-46CE-8649-E6CD2854040E}.Debug|Any CPU.Build.0 = Debug|Any CPU
		{C6D1DB99-42ED-46CE-8649-E6CD2854040E}.Release|Any CPU.ActiveCfg = Release|Any CPU
		{C6D1DB99-42ED-46CE-8649-E6CD2854040E}.Release|Any CPU.Build.0 = Release|Any CPU
	EndGlobalSection
	GlobalSection(SolutionProperties) = preSolution
		HideSolutionNode = FALSE
	EndGlobalSection
	GlobalSection(ExtensibilityGlobals) = postSolution
		SolutionGuid = {53B7F53D-CDD6-4B9C-B46B-84D43F89C09D}
	EndGlobalSection
EndGlobal
